
Microsoft Visual Studio Solution File, Format Version 12.00
# Visual Studio 15
Project("{FAE04EC0-301F-11D3-BF4B-00C04F79EFBC}") = "Assembly-CSharp", "Assembly-CSharp.csproj", "{5BBE57DE-9F12-3028-76D3-48DEE11D2C6F}"
EndProject
Project("{FAE04EC0-301F-11D3-BF4B-00C04F79EFBC}") = "Assembly-CSharp-Editor", "Assembly-CSharp-Editor.csproj", "{DB9BF6FB-A4FF-CE6D-E611-8C24FB05B92D}"
EndProject
Global
	GlobalSection(SolutionConfigurationPlatforms) = preSolution
		Debug|Any CPU = Debug|Any CPU
		Release|Any CPU = Release|Any CPU
	EndGlobalSection
	GlobalSection(ProjectConfigurationPlatforms) = postSolution
		{5BBE57DE-9F12-3028-76D3-48DEE11D2C6F}.Debug|Any CPU.ActiveCfg = Debug|Any CPU
		{5BBE57DE-9F12-3028-76D3-48DEE11D2C6F}.Debug|Any CPU.Build.0 = Debug|Any CPU
		{5BBE57DE-9F12-3028-76D3-48DEE11D2C6F}.Release|Any CPU.ActiveCfg = Release|Any CPU
		{5BBE57DE-9F12-3028-76D3-48DEE11D2C6F}.Release|Any CPU.Build.0 = Release|Any CPU
		{DB9BF6FB-A4FF-CE6D-E611-8C24FB05B92D}.Debug|Any CPU.ActiveCfg = Debug|Any CPU
		{DB9BF6FB-A4FF-CE6D-E611-8C24FB05B92D}.Debug|Any CPU.Build.0 = Debug|Any CPU
		{DB9BF6FB-A4FF-CE6D-E611-8C24FB05B92D}.Release|Any CPU.ActiveCfg = Release|Any CPU
		{DB9BF6FB-A4FF-CE6D-E611-8C24FB05B92D}.Release|Any CPU.Build.0 = Release|Any CPU
	EndGlobalSection
	GlobalSection(SolutionProperties) = preSolution
		HideSolutionNode = FALSE
	EndGlobalSection
EndGlobal
